
Microsoft Visual Studio Solution File, Format Version 12.00
# Visual Studio Version 16
VisualStudioVersion = 16.0.30104.148
MinimumVisualStudioVersion = 10.0.40219.1
Project("{9A19103F-16F7-4668-BE54-9A1E7A4F7556}") = "HelloWorldWeb", "HelloWorldWeb\HelloWorldWeb.csproj", "{6C1BF5D3-C2D0-43DD-963E-85D6E8C91B57}"
EndProject
Project("{FAE04EC0-301F-11D3-BF4B-00C04F79EFBC}") = "FullMVCSite", "FullMVCSite\FullMVCSite.csproj", "{BA4CC705-ABA8-4F22-A2D0-1F01F10EECF9}"
EndProject
Global
	GlobalSection(SolutionConfigurationPlatforms) = preSolution
		Debug|Any CPU = Debug|Any CPU
		Release|Any CPU = Release|Any CPU
	EndGlobalSection
	GlobalSection(ProjectConfigurationPlatforms) = postSolution
		{6C1BF5D3-C2D0-43DD-963E-85D6E8C91B57}.Debug|Any CPU.ActiveCfg = Debug|Any CPU
		{6C1BF5D3-C2D0-43DD-963E-85D6E8C91B57}.Debug|Any CPU.Build.0 = Debug|Any CPU
		{6C1BF5D3-C2D0-43DD-963E-85D6E8C91B57}.Release|Any CPU.ActiveCfg = Release|Any CPU
		{6C1BF5D3-C2D0-43DD-963E-85D6E8C91B57}.Release|Any CPU.Build.0 = Release|Any CPU
		{BA4CC705-ABA8-4F22-A2D0-1F01F10EECF9}.Debug|Any CPU.ActiveCfg = Debug|Any CPU
		{BA4CC705-ABA8-4F22-A2D0-1F01F10EECF9}.Debug|Any CPU.Build.0 = Debug|Any CPU
		{BA4CC705-ABA8-4F22-A2D0-1F01F10EECF9}.Release|Any CPU.ActiveCfg = Release|Any CPU
		{BA4CC705-ABA8-4F22-A2D0-1F01F10EECF9}.Release|Any CPU.Build.0 = Release|Any CPU
	EndGlobalSection
	GlobalSection(SolutionProperties) = preSolution
		HideSolutionNode = FALSE
	EndGlobalSection
	GlobalSection(ExtensibilityGlobals) = postSolution
		SolutionGuid = {3E49D0A1-9858-4618-9E68-821B2307D637}
	EndGlobalSection
EndGlobal
